// !$*UTF8*$!
{
	archiveVersion = 1;
	classes = {
	};
	objectVersion = 54;
	objects = {

/* Begin PBXBuildFile section */
		4OCP2Y1MOT2O1C8CAQDCM6KY /* Pods_RunnerTests.framework in Frameworks */ = {isa = PBXBuildFile; fileRef = 9K70NJMJC4J4UX25XT8KPLF0 /* Pods_RunnerTests.framework */; };
		WGSGJCM4OGTX6YN91DO4W0Z8 /* LaunchScreen.storyboard in Resources */ = {isa = PBXBuildFile; fileRef = A3D0B7861F7T7ZWOCEIUM3QQ /* LaunchScreen.storyboard */; };
		7U27MGFFI7HCPUMAOP9IWR70 /* Pods_Runner.framework in Frameworks */ = {isa = PBXBuildFile; fileRef = 83J9ZAMGT81OZPIQNTE3ZDHX /* Pods_Runner.framework */; };
		IZQB3NDOZM4FZPU7YCEIXASF /* Assets.xcassets in Resources */ = {isa = PBXBuildFile; fileRef = OARDJCR70V2KJEHNIA1SA3JV /* Assets.xcassets */; };
		K2ENV7MAT5KAQ92FAO1AD8VC /* AppFrameworkInfo.plist in Resources */ = {isa = PBXBuildFile; fileRef = WY4WC8VEF8OGDGSXUBOFDK4B /* AppFrameworkInfo.plist */; };
		7B4GV7F764R1KSL355PQHR2T /* GeneratedPluginRegistrant.m in Sources */ = {isa = PBXBuildFile; fileRef = NXXPHKMACOF7XIDYLA05DHHF /* GeneratedPluginRegistrant.m */; };
		RUH93W21KKDNK2SQPXLFKRKG /* Main.storyboard in Resources */ = {isa = PBXBuildFile; fileRef = K0FESYCEHUTUT2ESGK35EMAJ /* Main.storyboard */; };
		4TABJCYW3M5S3LU32WF5WFSS /* AppDelegate.swift in Sources */ = {isa = PBXBuildFile; fileRef = D5CLJHHLSKHDFTO9PJCZCH9N /* AppDelegate.swift */; };
		KNWOUTXPFW5FCQL14YXGLIQ4 /* RunnerTests.swift in Sources */ = {isa = PBXBuildFile; fileRef = 3OE54Y8KJALE6KM3APFV9WVJ /* RunnerTests.swift */; };
/* End PBXBuildFile section */

/* Begin PBXContainerItemProxy section */
		04FKPXJZW39CKCF86V0S7C0H /* PBXContainerItemProxy */ = {
			isa = PBXContainerItemProxy;
			containerPortal = Q5DYI652TPS73NP3525X5FIE /* Project object */;
			proxyType = 1;
			remoteGlobalIDString = 1SW4O4CBOX5DVJYV29FX66IG;
			remoteInfo = Runner;
		};
/* End PBXContainerItemProxy section */

/* Begin PBXCopyFilesBuildPhase section */
		PZ30L1ZNAUVE6KJECZKTGF0R /* Embed Frameworks */ = {
			isa = PBXCopyFilesBuildPhase;
			buildActionMask = 2147483647;
			dstPath = "";
			dstSubfolderSpec = 10;
			files = (
			);
			name = "Embed Frameworks";
			runOnlyForDeploymentPostprocessing = 0;
		};
/* End PBXCopyFilesBuildPhase section */

/* Begin PBXFileReference section */
		YZ43VN7LMLYYD25RG1HK3OB7 /* Runner-Bridging-Header.h */ = {isa = PBXFileReference; lastKnownFileType = sourcecode.c.h; path = "Runner-Bridging-Header.h"; sourceTree = "<group>"; };
		5TP3UG9AKP6BU0G61EW61PVX /* Generated.xcconfig */ = {isa = PBXFileReference; fileEncoding = 4; lastKnownFileType = text.xcconfig; name = Generated.xcconfig; path = Flutter/Generated.xcconfig; sourceTree = "<group>"; };
		QUZ3QWYD71UMVT4O82RL1QWF /* RunnerTests.xctest */ = {isa = PBXFileReference; explicitFileType = wrapper.cfbundle; includeInIndex = 0; path = RunnerTests.xctest; sourceTree = BUILT_PRODUCTS_DIR; };
		SCRJ36Q8K0M6M6UOG6NDJVKL /* Base */ = {isa = PBXFileReference; lastKnownFileType = file.storyboard; name = Base; path = Base.lproj/Main.storyboard; sourceTree = "<group>"; };
		N9V3B31ZGU324SE32XAYF4UY /* Pods-RunnerTests.release.xcconfig */ = {isa = PBXFileReference; includeInIndex = 1; lastKnownFileType = text.xcconfig; name = "Pods-RunnerTests.release.xcconfig"; path = "Target Support Files/Pods-RunnerTests/Pods-RunnerTests.release.xcconfig"; sourceTree = "<group>"; };
		72AAORJB0RK11ARWXAQ6YTUO /* Runner.app */ = {isa = PBXFileReference; explicitFileType = wrapper.application; includeInIndex = 0; path = Runner.app; sourceTree = BUILT_PRODUCTS_DIR; };
		CAEBH77W3C5DLP9RSD64GQ7V /* Pods-Runner.release.xcconfig */ = {isa = PBXFileReference; includeInIndex = 1; lastKnownFileType = text.xcconfig; name = "Pods-Runner.release.xcconfig"; path = "Target Support Files/Pods-Runner/Pods-Runner.release.xcconfig"; sourceTree = "<group>"; };
		RHXUSK838NSYYS7EXJSEFZ4R /* Pods-RunnerTests.profile.xcconfig */ = {isa = PBXFileReference; includeInIndex = 1; lastKnownFileType = text.xcconfig; name = "Pods-RunnerTests.profile.xcconfig"; path = "Target Support Files/Pods-RunnerTests/Pods-RunnerTests.profile.xcconfig"; sourceTree = "<group>"; };
		XIJZZW9UP6Z0BY3LFL08PDVQ /* Release.xcconfig */ = {isa = PBXFileReference; lastKnownFileType = text.xcconfig; name = Release.xcconfig; path = Flutter/Release.xcconfig; sourceTree = "<group>"; };
		9K70NJMJC4J4UX25XT8KPLF0 /* Pods_RunnerTests.framework */ = {isa = PBXFileReference; explicitFileType = wrapper.framework; includeInIndex = 0; path = Pods_RunnerTests.framework; sourceTree = BUILT_PRODUCTS_DIR; };
		AM39XCL3L1IVV6RS1TMA6S3U /* Pods-Runner.debug.xcconfig */ = {isa = PBXFileReference; includeInIndex = 1; lastKnownFileType = text.xcconfig; name = "Pods-Runner.debug.xcconfig"; path = "Target Support Files/Pods-Runner/Pods-Runner.debug.xcconfig"; sourceTree = "<group>"; };
		3OE54Y8KJALE6KM3APFV9WVJ /* RunnerTests.swift */ = {isa = PBXFileReference; lastKnownFileType = sourcecode.swift; path = RunnerTests.swift; sourceTree = "<group>"; };
		F0SF0HPSI0JK0Y557KU3A4IX /* Pods-Runner.profile.xcconfig */ = {isa = PBXFileReference; includeInIndex = 1; lastKnownFileType = text.xcconfig; name = "Pods-Runner.profile.xcconfig"; path = "Target Support Files/Pods-Runner/Pods-Runner.profile.xcconfig"; sourceTree = "<group>"; };
		F16CV47CGX3A2FG25QN6AS0K /* Info.plist */ = {isa = PBXFileReference; lastKnownFileType = text.plist.xml; path = Info.plist; sourceTree = "<group>"; };
		NXXPHKMACOF7XIDYLA05DHHF /* GeneratedPluginRegistrant.m */ = {isa = PBXFileReference; fileEncoding = 4; lastKnownFileType = sourcecode.c.objc; path = GeneratedPluginRegistrant.m; sourceTree = "<group>"; };
		83J9ZAMGT81OZPIQNTE3ZDHX /* Pods_Runner.framework */ = {isa = PBXFileReference; explicitFileType = wrapper.framework; includeInIndex = 0; path = Pods_Runner.framework; sourceTree = BUILT_PRODUCTS_DIR; };
		SS59SZG3F9CQLY9BAL9DHH6U /* GeneratedPluginRegistrant.h */ = {isa = PBXFileReference; lastKnownFileType = sourcecode.c.h; path = GeneratedPluginRegistrant.h; sourceTree = "<group>"; };
		WY4WC8VEF8OGDGSXUBOFDK4B /* AppFrameworkInfo.plist */ = {isa = PBXFileReference; fileEncoding = 4; lastKnownFileType = text.plist.xml; name = AppFrameworkInfo.plist; path = Flutter/AppFrameworkInfo.plist; sourceTree = "<group>"; };
		4Y8UTW0OORZWV8KEQNOEUGUF /* Debug.xcconfig */ = {isa = PBXFileReference; fileEncoding = 4; lastKnownFileType = text.xcconfig; name = Debug.xcconfig; path = Flutter/Debug.xcconfig; sourceTree = "<group>"; };
		7M17F32CLF381NML2BO54EIV /* Base */ = {isa = PBXFileReference; lastKnownFileType = file.storyboard; name = Base; path = Base.lproj/LaunchScreen.storyboard; sourceTree = "<group>"; };
		OARDJCR70V2KJEHNIA1SA3JV /* Assets.xcassets */ = {isa = PBXFileReference; lastKnownFileType = folder.assetcatalog; path = Assets.xcassets; sourceTree = "<group>"; };
		PX9Q8U9JDC5IU6BK4LP5ESCA /* Pods-RunnerTests.debug.xcconfig */ = {isa = PBXFileReference; includeInIndex = 1; lastKnownFileType = text.xcconfig; name = "Pods-RunnerTests.debug.xcconfig"; path = "Target Support Files/Pods-RunnerTests/Pods-RunnerTests.debug.xcconfig"; sourceTree = "<group>"; };
		D5CLJHHLSKHDFTO9PJCZCH9N /* AppDelegate.swift */ = {isa = PBXFileReference; fileEncoding = 4; lastKnownFileType = sourcecode.swift; path = AppDelegate.swift; sourceTree = "<group>"; };
/* End PBXFileReference section */

/* Begin PBXFrameworksBuildPhase section */
		3KUGY9YNNKU6IBWH0BB2XLLD /* Frameworks */ = {
			isa = PBXFrameworksBuildPhase;
			buildActionMask = 2147483647;
			files = (
				7U27MGFFI7HCPUMAOP9IWR70 /* Pods_Runner.framework in Frameworks */,
			);
			runOnlyForDeploymentPostprocessing = 0;
		};
		A3XK3QFRU8PE5HI4STL0SGMO /* Frameworks */ = {
			isa = PBXFrameworksBuildPhase;
			buildActionMask = 2147483647;
			files = (
				4OCP2Y1MOT2O1C8CAQDCM6KY /* Pods_RunnerTests.framework in Frameworks */,
			);
			runOnlyForDeploymentPostprocessing = 0;
		};
/* End PBXFrameworksBuildPhase section */

/* Begin PBXGroup section */
		0TWAN3YAT1WPXPOL9R9FP1K5 /* RunnerTests */ = {
			isa = PBXGroup;
			children = (
				3OE54Y8KJALE6KM3APFV9WVJ /* RunnerTests.swift */,
			);
			path = RunnerTests;
			sourceTree = "<group>";
		};
		1YENZH28LI521F7JBUMVVI4Q /* Frameworks */ = {
			isa = PBXGroup;
			children = (
				83J9ZAMGT81OZPIQNTE3ZDHX /* Pods_Runner.framework */,
				9K70NJMJC4J4UX25XT8KPLF0 /* Pods_RunnerTests.framework */,
			);
			name = Frameworks;
			sourceTree = "<group>";
		};
		B07QOJ69PCWK4BFVDIGK5DWJ /* Products */ = {
			isa = PBXGroup;
			children = (
				72AAORJB0RK11ARWXAQ6YTUO /* Runner.app */,
				QUZ3QWYD71UMVT4O82RL1QWF /* RunnerTests.xctest */,
			);
			name = Products;
			sourceTree = "<group>";
		};
		H4FQ8HTRINC8ESIB803H0OSD /* Flutter */ = {
			isa = PBXGroup;
			children = (
				WY4WC8VEF8OGDGSXUBOFDK4B /* AppFrameworkInfo.plist */,
				4Y8UTW0OORZWV8KEQNOEUGUF /* Debug.xcconfig */,
				XIJZZW9UP6Z0BY3LFL08PDVQ /* Release.xcconfig */,
				5TP3UG9AKP6BU0G61EW61PVX /* Generated.xcconfig */,
			);
			name = Flutter;
			sourceTree = "<group>";
		};
		T3SSUTX0N2OBSOZI7RBTYI9Z /* Pods */ = {
			isa = PBXGroup;
			children = (
				AM39XCL3L1IVV6RS1TMA6S3U /* Pods-Runner.debug.xcconfig */,
				N9V3B31ZGU324SE32XAYF4UY /* Pods-RunnerTests.release.xcconfig */,
				CAEBH77W3C5DLP9RSD64GQ7V /* Pods-Runner.release.xcconfig */,
				PX9Q8U9JDC5IU6BK4LP5ESCA /* Pods-RunnerTests.debug.xcconfig */,
				RHXUSK838NSYYS7EXJSEFZ4R /* Pods-RunnerTests.profile.xcconfig */,
				F0SF0HPSI0JK0Y557KU3A4IX /* Pods-Runner.profile.xcconfig */,
			);
			path = Pods;
			sourceTree = "<group>";
		};
		YOBAHDUMAJXCBP6W2347WPTC /* Runner */ = {
			isa = PBXGroup;
			children = (
				YZ43VN7LMLYYD25RG1HK3OB7 /* Runner-Bridging-Header.h */,
				D5CLJHHLSKHDFTO9PJCZCH9N /* AppDelegate.swift */,
				A3D0B7861F7T7ZWOCEIUM3QQ /* LaunchScreen.storyboard */,
				K0FESYCEHUTUT2ESGK35EMAJ /* Main.storyboard */,
				F16CV47CGX3A2FG25QN6AS0K /* Info.plist */,
				NXXPHKMACOF7XIDYLA05DHHF /* GeneratedPluginRegistrant.m */,
				OARDJCR70V2KJEHNIA1SA3JV /* Assets.xcassets */,
				SS59SZG3F9CQLY9BAL9DHH6U /* GeneratedPluginRegistrant.h */,
			);
			path = Runner;
			sourceTree = "<group>";
		};
		YVTL3BWNIK0F0WLMX57ZR08I = {
			isa = PBXGroup;
			children = (
				B07QOJ69PCWK4BFVDIGK5DWJ /* Products */,
				0TWAN3YAT1WPXPOL9R9FP1K5 /* RunnerTests */,
				1YENZH28LI521F7JBUMVVI4Q /* Frameworks */,
				T3SSUTX0N2OBSOZI7RBTYI9Z /* Pods */,
				YOBAHDUMAJXCBP6W2347WPTC /* Runner */,
				H4FQ8HTRINC8ESIB803H0OSD /* Flutter */,
			);
			sourceTree = "<group>";
		};
/* End PBXGroup section */

/* Begin PBXNativeTarget section */
		1SW4O4CBOX5DVJYV29FX66IG /* Runner */ = {
			isa = PBXNativeTarget;
			buildConfigurationList = U0O1T9JZOJFZSBDXJRBT39J7 /* Build configuration list for PBXNativeTarget "Runner" */;
			buildPhases = (
				KAZKPAT8KKCB9NT7N9KOOL22 /* [CP] Check Pods Manifest.lock */,
				EHJRKE40GT45E40P405MNF0V /* Run Script */,
				571X7RXPOT60DGQ2GTUJA8G1 /* Sources */,
				3KUGY9YNNKU6IBWH0BB2XLLD /* Frameworks */,
				DHIO23RB97KFEZGFHOTU5AQ5 /* Resources */,
				PZ30L1ZNAUVE6KJECZKTGF0R /* Embed Frameworks */,
				YCALGIBP3QEGMVXXZR8GLILI /* Thin Binary */,
				GB1FZKNUA5WFC0REUPECWC2Q /* [CP] Embed Pods Frameworks */,
			);
			buildRules = (
			);
			dependencies = (
			);
			name = Runner;
			productName = Runner;
			productReference = 72AAORJB0RK11ARWXAQ6YTUO /* Runner.app */;
			productType = "com.apple.product-type.application";
		};
		S2OOIVQX8DO0F4ZZJSJ0L72E /* RunnerTests */ = {
			isa = PBXNativeTarget;
			buildConfigurationList = YVBEOHFE3289UYURUBOMKPJD /* Build configuration list for PBXNativeTarget "RunnerTests" */;
			buildPhases = (
				FHBL7BLW3GG1NAEPPDG6HH60 /* [CP] Check Pods Manifest.lock */,
				OK144VYX3O5SRUC0XNUO1NB9 /* Sources */,
				HOERJ5IME482DEJV5122MPNT /* Resources */,
				A3XK3QFRU8PE5HI4STL0SGMO /* Frameworks */,
			);
			buildRules = (
			);
			dependencies = (
				TFBP1MCGKPY12KZTUBQUPUKK /* PBXTargetDependency */,
			);
			name = RunnerTests;
			productName = RunnerTests;
			productReference = QUZ3QWYD71UMVT4O82RL1QWF /* RunnerTests.xctest */;
			productType = "com.apple.product-type.bundle.unit-test";
		};
/* End PBXNativeTarget section */

/* Begin PBXProject section */
		Q5DYI652TPS73NP3525X5FIE /* Project object */ = {
			isa = PBXProject;
			attributes = {
				BuildIndependentTargetsInParallel = YES;
				LastUpgradeCheck = 1510;
				ORGANIZATIONNAME = "";
				TargetAttributes = {
					1SW4O4CBOX5DVJYV29FX66IG = {
						CreatedOnToolsVersion = 7.3.1;
						LastSwiftMigration = 1100;
					};
					S2OOIVQX8DO0F4ZZJSJ0L72E = {
						CreatedOnToolsVersion = 14.0;
						TestTargetID = 1SW4O4CBOX5DVJYV29FX66IG;
					};
				};
			};
			buildConfigurationList = 8MDXZPLYM9PEV3LOHIHUT725 /* Build configuration list for PBXProject "Runner" */;
			compatibilityVersion = "Xcode 9.3";
			developmentRegion = en;
			hasScannedForEncodings = 0;
			knownRegions = (
				en,
				Base,
			);
			mainGroup = YVTL3BWNIK0F0WLMX57ZR08I;
			productRefGroup = B07QOJ69PCWK4BFVDIGK5DWJ /* Products */;
			projectDirPath = "";
			projectRoot = "";
			targets = (
				1SW4O4CBOX5DVJYV29FX66IG /* Runner */,
				S2OOIVQX8DO0F4ZZJSJ0L72E /* RunnerTests */,
			);
		};
/* End PBXProject section */

/* Begin PBXResourcesBuildPhase section */
		DHIO23RB97KFEZGFHOTU5AQ5 /* Resources */ = {
			isa = PBXResourcesBuildPhase;
			buildActionMask = 2147483647;
			files = (
				WGSGJCM4OGTX6YN91DO4W0Z8 /* LaunchScreen.storyboard in Resources */,
				K2ENV7MAT5KAQ92FAO1AD8VC /* AppFrameworkInfo.plist in Resources */,
				IZQB3NDOZM4FZPU7YCEIXASF /* Assets.xcassets in Resources */,
				RUH93W21KKDNK2SQPXLFKRKG /* Main.storyboard in Resources */,
			);
			runOnlyForDeploymentPostprocessing = 0;
		};
		HOERJ5IME482DEJV5122MPNT /* Resources */ = {
			isa = PBXResourcesBuildPhase;
			buildActionMask = 2147483647;
			files = (
			);
			runOnlyForDeploymentPostprocessing = 0;
		};
/* End PBXResourcesBuildPhase section */

/* Begin PBXShellScriptBuildPhase section */
		EHJRKE40GT45E40P405MNF0V /* Run Script */ = {
			isa = PBXShellScriptBuildPhase;
			alwaysOutOfDate = 1;
			buildActionMask = 2147483647;
			files = (
			);
			inputPaths = (
			);
			name = "Run Script";
			outputPaths = (
			);
			runOnlyForDeploymentPostprocessing = 0;
			shellPath = /bin/sh;
			shellScript = "/bin/sh \"$FLUTTER_ROOT/packages/flutter_tools/bin/xcode_backend.sh\" build";
		};
		FHBL7BLW3GG1NAEPPDG6HH60 /* [CP] Check Pods Manifest.lock */ = {
			isa = PBXShellScriptBuildPhase;
			buildActionMask = 2147483647;
			files = (
			);
			inputFileListPaths = (
			);
			inputPaths = (
				"${PODS_PODFILE_DIR_PATH}/Podfile.lock",
				"${PODS_ROOT}/Manifest.lock",
			);
			name = "[CP] Check Pods Manifest.lock";
			outputFileListPaths = (
			);
			outputPaths = (
				"$(DERIVED_FILE_DIR)/Pods-RunnerTests-checkManifestLockResult.txt",
			);
			runOnlyForDeploymentPostprocessing = 0;
			shellPath = /bin/sh;
			shellScript = "diff \"${PODS_PODFILE_DIR_PATH}/Podfile.lock\" \"${PODS_ROOT}/Manifest.lock\" > /dev/null\nif [ $? != 0 ] ; then\n    # print error to STDERR\n    echo \"error: The sandbox is not in sync with the Podfile.lock. Run 'pod install' or update your CocoaPods installation.\" >&2\n    exit 1\nfi\n# This output is used by Xcode 'outputs' to avoid re-running this script phase.\necho \"SUCCESS\" > \"${SCRIPT_OUTPUT_FILE_0}\"\n";
			showEnvVarsInLog = 0;
		};
		GB1FZKNUA5WFC0REUPECWC2Q /* [CP] Embed Pods Frameworks */ = {
			isa = PBXShellScriptBuildPhase;
			buildActionMask = 2147483647;
			files = (
			);
			inputFileListPaths = (
				"${PODS_ROOT}/Target Support Files/Pods-Runner/Pods-Runner-frameworks-${CONFIGURATION}-input-files.xcfilelist",
			);
			inputPaths = (
			);
			name = "[CP] Embed Pods Frameworks";
			outputFileListPaths = (
				"${PODS_ROOT}/Target Support Files/Pods-Runner/Pods-Runner-frameworks-${CONFIGURATION}-output-files.xcfilelist",
			);
			outputPaths = (
			);
			runOnlyForDeploymentPostprocessing = 0;
			shellPath = /bin/sh;
			shellScript = "\"${PODS_ROOT}/Target Support Files/Pods-Runner/Pods-Runner-frameworks.sh\"\n";
			showEnvVarsInLog = 0;
		};
		KAZKPAT8KKCB9NT7N9KOOL22 /* [CP] Check Pods Manifest.lock */ = {
			isa = PBXShellScriptBuildPhase;
			buildActionMask = 2147483647;
			files = (
			);
			inputFileListPaths = (
			);
			inputPaths = (
				"${PODS_PODFILE_DIR_PATH}/Podfile.lock",
				"${PODS_ROOT}/Manifest.lock",
			);
			name = "[CP] Check Pods Manifest.lock";
			outputFileListPaths = (
			);
			outputPaths = (
				"$(DERIVED_FILE_DIR)/Pods-Runner-checkManifestLockResult.txt",
			);
			runOnlyForDeploymentPostprocessing = 0;
			shellPath = /bin/sh;
			shellScript = "diff \"${PODS_PODFILE_DIR_PATH}/Podfile.lock\" \"${PODS_ROOT}/Manifest.lock\" > /dev/null\nif [ $? != 0 ] ; then\n    # print error to STDERR\n    echo \"error: The sandbox is not in sync with the Podfile.lock. Run 'pod install' or update your CocoaPods installation.\" >&2\n    exit 1\nfi\n# This output is used by Xcode 'outputs' to avoid re-running this script phase.\necho \"SUCCESS\" > \"${SCRIPT_OUTPUT_FILE_0}\"\n";
			showEnvVarsInLog = 0;
		};
		YCALGIBP3QEGMVXXZR8GLILI /* Thin Binary */ = {
			isa = PBXShellScriptBuildPhase;
			alwaysOutOfDate = 1;
			buildActionMask = 2147483647;
			files = (
			);
			inputPaths = (
				"${TARGET_BUILD_DIR}/${INFOPLIST_PATH}",
			);
			name = "Thin Binary";
			outputPaths = (
			);
			runOnlyForDeploymentPostprocessing = 0;
			shellPath = /bin/sh;
			shellScript = "/bin/sh \"$FLUTTER_ROOT/packages/flutter_tools/bin/xcode_backend.sh\" embed_and_thin";
		};
/* End PBXShellScriptBuildPhase section */

/* Begin PBXSourcesBuildPhase section */
		571X7RXPOT60DGQ2GTUJA8G1 /* Sources */ = {
			isa = PBXSourcesBuildPhase;
			buildActionMask = 2147483647;
			files = (
				4TABJCYW3M5S3LU32WF5WFSS /* AppDelegate.swift in Sources */,
				7B4GV7F764R1KSL355PQHR2T /* GeneratedPluginRegistrant.m in Sources */,
			);
			runOnlyForDeploymentPostprocessing = 0;
		};
		OK144VYX3O5SRUC0XNUO1NB9 /* Sources */ = {
			isa = PBXSourcesBuildPhase;
			buildActionMask = 2147483647;
			files = (
				KNWOUTXPFW5FCQL14YXGLIQ4 /* RunnerTests.swift in Sources */,
			);
			runOnlyForDeploymentPostprocessing = 0;
		};
/* End PBXSourcesBuildPhase section */

/* Begin PBXTargetDependency section */
		TFBP1MCGKPY12KZTUBQUPUKK /* PBXTargetDependency */ = {
			isa = PBXTargetDependency;
			target = 1SW4O4CBOX5DVJYV29FX66IG /* Runner */;
			targetProxy = 04FKPXJZW39CKCF86V0S7C0H /* PBXContainerItemProxy */;
		};
/* End PBXTargetDependency section */

/* Begin PBXVariantGroup section */
		A3D0B7861F7T7ZWOCEIUM3QQ /* LaunchScreen.storyboard */ = {
			isa = PBXVariantGroup;
			children = (
				7M17F32CLF381NML2BO54EIV /* Base */,
			);
			name = LaunchScreen.storyboard;
			sourceTree = "<group>";
		};
		K0FESYCEHUTUT2ESGK35EMAJ /* Main.storyboard */ = {
			isa = PBXVariantGroup;
			children = (
				SCRJ36Q8K0M6M6UOG6NDJVKL /* Base */,
			);
			name = Main.storyboard;
			sourceTree = "<group>";
		};
/* End PBXVariantGroup section */

/* Begin XCBuildConfiguration section */
		4G72Z16KXR59FEBXFANNFL1H /* Profile */ = {
			isa = XCBuildConfiguration;
			baseConfigurationReference = XIJZZW9UP6Z0BY3LFL08PDVQ /* Release.xcconfig */;
			buildSettings = {
				ASSETCATALOG_COMPILER_APPICON_NAME = AppIcon;
				CLANG_ENABLE_MODULES = YES;
				"CODE_SIGN_IDENTITY[sdk=iphoneos*]" = "iPhone Distribution";
				CODE_SIGN_STYLE = Manual;
				CURRENT_PROJECT_VERSION = "$(FLUTTER_BUILD_NUMBER)";
				DEVELOPMENT_TEAM = "";
				"DEVELOPMENT_TEAM[sdk=iphoneos*]" = 66R459BUL3;
				ENABLE_BITCODE = NO;
				INFOPLIST_FILE = Runner/Info.plist;
				LD_RUNPATH_SEARCH_PATHS = (
					"$(inherited)",
					"@executable_path/Frameworks",
				);
				PRODUCT_BUNDLE_IDENTIFIER = com.clarivoxent;
				PRODUCT_NAME = "$(TARGET_NAME)";
				PROVISIONING_PROFILE_SPECIFIER = "";
				"PROVISIONING_PROFILE_SPECIFIER[sdk=iphoneos*]" = 66R459BUL3.com.clarivoxent;
				SUPPORTED_PLATFORMS = "iphoneos iphonesimulator";
				SUPPORTS_MACCATALYST = NO;
				SUPPORTS_MAC_DESIGNED_FOR_IPHONE_IPAD = NO;
				SUPPORTS_XR_DESIGNED_FOR_IPHONE_IPAD = NO;
				SWIFT_OBJC_BRIDGING_HEADER = "Runner/Runner-Bridging-Header.h";
				SWIFT_VERSION = 5.0;
				TARGETED_DEVICE_FAMILY = "1,2";
				VERSIONING_SYSTEM = "apple-generic";
			};
			name = Profile;
		};
		A0MA4FX33RN4RW09P5EEFCEY /* Release */ = {
			isa = XCBuildConfiguration;
			buildSettings = {
				ALWAYS_SEARCH_USER_PATHS = NO;
				ASSETCATALOG_COMPILER_GENERATE_SWIFT_ASSET_SYMBOL_EXTENSIONS = YES;
				CLANG_ANALYZER_NONNULL = YES;
				CLANG_CXX_LANGUAGE_STANDARD = "gnu++0x";
				CLANG_CXX_LIBRARY = "libc++";
				CLANG_ENABLE_MODULES = YES;
				CLANG_ENABLE_OBJC_ARC = YES;
				CLANG_WARN_BLOCK_CAPTURE_AUTORELEASING = YES;
				CLANG_WARN_BOOL_CONVERSION = YES;
				CLANG_WARN_COMMA = YES;
				CLANG_WARN_CONSTANT_CONVERSION = YES;
				CLANG_WARN_DEPRECATED_OBJC_IMPLEMENTATIONS = YES;
				CLANG_WARN_DIRECT_OBJC_ISA_USAGE = YES_ERROR;
				CLANG_WARN_EMPTY_BODY = YES;
				CLANG_WARN_ENUM_CONVERSION = YES;
				CLANG_WARN_INFINITE_RECURSION = YES;
				CLANG_WARN_INT_CONVERSION = YES;
				CLANG_WARN_NON_LITERAL_NULL_CONVERSION = YES;
				CLANG_WARN_OBJC_IMPLICIT_RETAIN_SELF = YES;
				CLANG_WARN_OBJC_LITERAL_CONVERSION = YES;
				CLANG_WARN_OBJC_ROOT_CLASS = YES_ERROR;
				CLANG_WARN_RANGE_LOOP_ANALYSIS = YES;
				CLANG_WARN_STRICT_PROTOTYPES = YES;
				CLANG_WARN_SUSPICIOUS_MOVE = YES;
				CLANG_WARN_UNREACHABLE_CODE = YES;
				CLANG_WARN__DUPLICATE_METHOD_MATCH = YES;
				"CODE_SIGN_IDENTITY[sdk=iphoneos*]" = "iPhone Developer";
				COPY_PHASE_STRIP = NO;
				DEBUG_INFORMATION_FORMAT = "dwarf-with-dsym";
				ENABLE_NS_ASSERTIONS = NO;
				ENABLE_STRICT_OBJC_MSGSEND = YES;
				ENABLE_USER_SCRIPT_SANDBOXING = NO;
				GCC_C_LANGUAGE_STANDARD = gnu99;
				GCC_NO_COMMON_BLOCKS = YES;
				GCC_WARN_64_TO_32_BIT_CONVERSION = YES;
				GCC_WARN_ABOUT_RETURN_TYPE = YES_ERROR;
				GCC_WARN_UNDECLARED_SELECTOR = YES;
				GCC_WARN_UNINITIALIZED_AUTOS = YES_AGGRESSIVE;
				GCC_WARN_UNUSED_FUNCTION = YES;
				GCC_WARN_UNUSED_VARIABLE = YES;
				IPHONEOS_DEPLOYMENT_TARGET = 13.0;
				MTL_ENABLE_DEBUG_INFO = NO;
				SDKROOT = iphoneos;
				SUPPORTED_PLATFORMS = iphoneos;
				SWIFT_COMPILATION_MODE = wholemodule;
				SWIFT_OPTIMIZATION_LEVEL = "-O";
				TARGETED_DEVICE_FAMILY = "1,2";
				VALIDATE_PRODUCT = YES;
			};
			name = Release;
		};
		H75QFWK6KIAZVHZ3TSMT4JQ6 /* Profile */ = {
			isa = XCBuildConfiguration;
			baseConfigurationReference = RHXUSK838NSYYS7EXJSEFZ4R /* Pods-RunnerTests.profile.xcconfig */;
			buildSettings = {
				BUNDLE_LOADER = "$(TEST_HOST)";
				CODE_SIGN_STYLE = Automatic;
				CURRENT_PROJECT_VERSION = 1;
				GENERATE_INFOPLIST_FILE = YES;
				MARKETING_VERSION = 1.0;
				PRODUCT_BUNDLE_IDENTIFIER = com.example.clarity.RunnerTests;
				PRODUCT_NAME = "$(TARGET_NAME)";
				SWIFT_VERSION = 5.0;
				TEST_HOST = "$(BUILT_PRODUCTS_DIR)/Runner.app/$(BUNDLE_EXECUTABLE_FOLDER_PATH)/Runner";
			};
			name = Profile;
		};
		I95RGI7A3DD2ZGCMEEZ3AUR1 /* Release */ = {
			isa = XCBuildConfiguration;
			baseConfigurationReference = N9V3B31ZGU324SE32XAYF4UY /* Pods-RunnerTests.release.xcconfig */;
			buildSettings = {
				BUNDLE_LOADER = "$(TEST_HOST)";
				CODE_SIGN_STYLE = Automatic;
				CURRENT_PROJECT_VERSION = 1;
				GENERATE_INFOPLIST_FILE = YES;
				MARKETING_VERSION = 1.0;
				PRODUCT_BUNDLE_IDENTIFIER = com.example.clarity.RunnerTests;
				PRODUCT_NAME = "$(TARGET_NAME)";
				SWIFT_VERSION = 5.0;
				TEST_HOST = "$(BUILT_PRODUCTS_DIR)/Runner.app/$(BUNDLE_EXECUTABLE_FOLDER_PATH)/Runner";
			};
			name = Release;
		};
		LJCM503ZC6A2OOZGU7WFBRZF /* Debug */ = {
			isa = XCBuildConfiguration;
			baseConfigurationReference = PX9Q8U9JDC5IU6BK4LP5ESCA /* Pods-RunnerTests.debug.xcconfig */;
			buildSettings = {
				BUNDLE_LOADER = "$(TEST_HOST)";
				CODE_SIGN_STYLE = Automatic;
				CURRENT_PROJECT_VERSION = 1;
				GENERATE_INFOPLIST_FILE = YES;
				MARKETING_VERSION = 1.0;
				PRODUCT_BUNDLE_IDENTIFIER = com.example.clarity.RunnerTests;
				PRODUCT_NAME = "$(TARGET_NAME)";
				SWIFT_ACTIVE_COMPILATION_CONDITIONS = DEBUG;
				SWIFT_OPTIMIZATION_LEVEL = "-Onone";
				SWIFT_VERSION = 5.0;
				TEST_HOST = "$(BUILT_PRODUCTS_DIR)/Runner.app/$(BUNDLE_EXECUTABLE_FOLDER_PATH)/Runner";
			};
			name = Debug;
		};
		SLTXN1WG02VULVKXS5G72KNK /* Profile */ = {
			isa = XCBuildConfiguration;
			buildSettings = {
				ALWAYS_SEARCH_USER_PATHS = NO;
				ASSETCATALOG_COMPILER_GENERATE_SWIFT_ASSET_SYMBOL_EXTENSIONS = YES;
				CLANG_ANALYZER_NONNULL = YES;
				CLANG_CXX_LANGUAGE_STANDARD = "gnu++0x";
				CLANG_CXX_LIBRARY = "libc++";
				CLANG_ENABLE_MODULES = YES;
				CLANG_ENABLE_OBJC_ARC = YES;
				CLANG_WARN_BLOCK_CAPTURE_AUTORELEASING = YES;
				CLANG_WARN_BOOL_CONVERSION = YES;
				CLANG_WARN_COMMA = YES;
				CLANG_WARN_CONSTANT_CONVERSION = YES;
				CLANG_WARN_DEPRECATED_OBJC_IMPLEMENTATIONS = YES;
				CLANG_WARN_DIRECT_OBJC_ISA_USAGE = YES_ERROR;
				CLANG_WARN_EMPTY_BODY = YES;
				CLANG_WARN_ENUM_CONVERSION = YES;
				CLANG_WARN_INFINITE_RECURSION = YES;
				CLANG_WARN_INT_CONVERSION = YES;
				CLANG_WARN_NON_LITERAL_NULL_CONVERSION = YES;
				CLANG_WARN_OBJC_IMPLICIT_RETAIN_SELF = YES;
				CLANG_WARN_OBJC_LITERAL_CONVERSION = YES;
				CLANG_WARN_OBJC_ROOT_CLASS = YES_ERROR;
				CLANG_WARN_RANGE_LOOP_ANALYSIS = YES;
				CLANG_WARN_STRICT_PROTOTYPES = YES;
				CLANG_WARN_SUSPICIOUS_MOVE = YES;
				CLANG_WARN_UNREACHABLE_CODE = YES;
				CLANG_WARN__DUPLICATE_METHOD_MATCH = YES;
				"CODE_SIGN_IDENTITY[sdk=iphoneos*]" = "iPhone Developer";
				COPY_PHASE_STRIP = NO;
				DEBUG_INFORMATION_FORMAT = "dwarf-with-dsym";
				ENABLE_NS_ASSERTIONS = NO;
				ENABLE_STRICT_OBJC_MSGSEND = YES;
				ENABLE_USER_SCRIPT_SANDBOXING = NO;
				GCC_C_LANGUAGE_STANDARD = gnu99;
				GCC_NO_COMMON_BLOCKS = YES;
				GCC_WARN_64_TO_32_BIT_CONVERSION = YES;
				GCC_WARN_ABOUT_RETURN_TYPE = YES_ERROR;
				GCC_WARN_UNDECLARED_SELECTOR = YES;
				GCC_WARN_UNINITIALIZED_AUTOS = YES_AGGRESSIVE;
				GCC_WARN_UNUSED_FUNCTION = YES;
				GCC_WARN_UNUSED_VARIABLE = YES;
				IPHONEOS_DEPLOYMENT_TARGET = 13.0;
				MTL_ENABLE_DEBUG_INFO = NO;
				SDKROOT = iphoneos;
				SUPPORTED_PLATFORMS = iphoneos;
				TARGETED_DEVICE_FAMILY = "1,2";
				VALIDATE_PRODUCT = YES;
			};
			name = Profile;
		};
		UH1RL0Q49QZZYDZJLM78O44J /* Debug */ = {
			isa = XCBuildConfiguration;
			baseConfigurationReference = 4Y8UTW0OORZWV8KEQNOEUGUF /* Debug.xcconfig */;
			buildSettings = {
				ASSETCATALOG_COMPILER_APPICON_NAME = AppIcon;
				CLANG_ENABLE_MODULES = YES;
				"CODE_SIGN_IDENTITY[sdk=iphoneos*]" = "iPhone Distribution";
				CODE_SIGN_STYLE = Manual;
				CURRENT_PROJECT_VERSION = "$(FLUTTER_BUILD_NUMBER)";
				DEVELOPMENT_TEAM = "";
				"DEVELOPMENT_TEAM[sdk=iphoneos*]" = 66R459BUL3;
				ENABLE_BITCODE = NO;
				INFOPLIST_FILE = Runner/Info.plist;
				LD_RUNPATH_SEARCH_PATHS = (
					"$(inherited)",
					"@executable_path/Frameworks",
				);
				PRODUCT_BUNDLE_IDENTIFIER = com.clarivoxent;
				PRODUCT_NAME = "$(TARGET_NAME)";
				PROVISIONING_PROFILE_SPECIFIER = "";
				"PROVISIONING_PROFILE_SPECIFIER[sdk=iphoneos*]" = 66R459BUL3.com.clarivoxent;
				SUPPORTED_PLATFORMS = "iphoneos iphonesimulator";
				SUPPORTS_MACCATALYST = NO;
				SUPPORTS_MAC_DESIGNED_FOR_IPHONE_IPAD = NO;
				SUPPORTS_XR_DESIGNED_FOR_IPHONE_IPAD = NO;
				SWIFT_OBJC_BRIDGING_HEADER = "Runner/Runner-Bridging-Header.h";
				SWIFT_OPTIMIZATION_LEVEL = "-Onone";
				SWIFT_VERSION = 5.0;
				TARGETED_DEVICE_FAMILY = "1,2";
				VERSIONING_SYSTEM = "apple-generic";
			};
			name = Debug;
		};
		VB40Q2BGTQKD2Z2E4DL2W1OL /* Release */ = {
			isa = XCBuildConfiguration;
			baseConfigurationReference = XIJZZW9UP6Z0BY3LFL08PDVQ /* Release.xcconfig */;
			buildSettings = {
				ASSETCATALOG_COMPILER_APPICON_NAME = AppIcon;
				CLANG_ENABLE_MODULES = YES;
				"CODE_SIGN_IDENTITY[sdk=iphoneos*]" = "iPhone Distribution";
				CODE_SIGN_STYLE = Manual;
				CURRENT_PROJECT_VERSION = "$(FLUTTER_BUILD_NUMBER)";
				DEVELOPMENT_TEAM = "";
				"DEVELOPMENT_TEAM[sdk=iphoneos*]" = 66R459BUL3;
				ENABLE_BITCODE = NO;
				INFOPLIST_FILE = Runner/Info.plist;
				LD_RUNPATH_SEARCH_PATHS = (
					"$(inherited)",
					"@executable_path/Frameworks",
				);
				PRODUCT_BUNDLE_IDENTIFIER = com.clarivoxent;
				PRODUCT_NAME = "$(TARGET_NAME)";
				PROVISIONING_PROFILE_SPECIFIER = "";
				"PROVISIONING_PROFILE_SPECIFIER[sdk=iphoneos*]" = 66R459BUL3.com.clarivoxent;
				SUPPORTED_PLATFORMS = "iphoneos iphonesimulator";
				SUPPORTS_MACCATALYST = NO;
				SUPPORTS_MAC_DESIGNED_FOR_IPHONE_IPAD = NO;
				SUPPORTS_XR_DESIGNED_FOR_IPHONE_IPAD = NO;
				SWIFT_OBJC_BRIDGING_HEADER = "Runner/Runner-Bridging-Header.h";
				SWIFT_VERSION = 5.0;
				TARGETED_DEVICE_FAMILY = "1,2";
				VERSIONING_SYSTEM = "apple-generic";
			};
			name = Release;
		};
		W77QA6WIZRWUJRXRZWVPFHBG /* Debug */ = {
			isa = XCBuildConfiguration;
			buildSettings = {
				ALWAYS_SEARCH_USER_PATHS = NO;
				ASSETCATALOG_COMPILER_GENERATE_SWIFT_ASSET_SYMBOL_EXTENSIONS = YES;
				CLANG_ANALYZER_NONNULL = YES;
				CLANG_CXX_LANGUAGE_STANDARD = "gnu++0x";
				CLANG_CXX_LIBRARY = "libc++";
				CLANG_ENABLE_MODULES = YES;
				CLANG_ENABLE_OBJC_ARC = YES;
				CLANG_WARN_BLOCK_CAPTURE_AUTORELEASING = YES;
				CLANG_WARN_BOOL_CONVERSION = YES;
				CLANG_WARN_COMMA = YES;
				CLANG_WARN_CONSTANT_CONVERSION = YES;
				CLANG_WARN_DEPRECATED_OBJC_IMPLEMENTATIONS = YES;
				CLANG_WARN_DIRECT_OBJC_ISA_USAGE = YES_ERROR;
				CLANG_WARN_EMPTY_BODY = YES;
				CLANG_WARN_ENUM_CONVERSION = YES;
				CLANG_WARN_INFINITE_RECURSION = YES;
				CLANG_WARN_INT_CONVERSION = YES;
				CLANG_WARN_NON_LITERAL_NULL_CONVERSION = YES;
				CLANG_WARN_OBJC_IMPLICIT_RETAIN_SELF = YES;
				CLANG_WARN_OBJC_LITERAL_CONVERSION = YES;
				CLANG_WARN_OBJC_ROOT_CLASS = YES_ERROR;
				CLANG_WARN_RANGE_LOOP_ANALYSIS = YES;
				CLANG_WARN_STRICT_PROTOTYPES = YES;
				CLANG_WARN_SUSPICIOUS_MOVE = YES;
				CLANG_WARN_UNREACHABLE_CODE = YES;
				CLANG_WARN__DUPLICATE_METHOD_MATCH = YES;
				"CODE_SIGN_IDENTITY[sdk=iphoneos*]" = "iPhone Developer";
				COPY_PHASE_STRIP = NO;
				DEBUG_INFORMATION_FORMAT = dwarf;
				ENABLE_STRICT_OBJC_MSGSEND = YES;
				ENABLE_TESTABILITY = YES;
				ENABLE_USER_SCRIPT_SANDBOXING = NO;
				GCC_C_LANGUAGE_STANDARD = gnu99;
				GCC_DYNAMIC_NO_PIC = NO;
				GCC_NO_COMMON_BLOCKS = YES;
				GCC_OPTIMIZATION_LEVEL = 0;
				GCC_PREPROCESSOR_DEFINITIONS = (
					"DEBUG=1",
					"$(inherited)",
				);
				GCC_WARN_64_TO_32_BIT_CONVERSION = YES;
				GCC_WARN_ABOUT_RETURN_TYPE = YES_ERROR;
				GCC_WARN_UNDECLARED_SELECTOR = YES;
				GCC_WARN_UNINITIALIZED_AUTOS = YES_AGGRESSIVE;
				GCC_WARN_UNUSED_FUNCTION = YES;
				GCC_WARN_UNUSED_VARIABLE = YES;
				IPHONEOS_DEPLOYMENT_TARGET = 13.0;
				MTL_ENABLE_DEBUG_INFO = YES;
				ONLY_ACTIVE_ARCH = YES;
				SDKROOT = iphoneos;
				TARGETED_DEVICE_FAMILY = "1,2";
			};
			name = Debug;
		};
/* End XCBuildConfiguration section */

/* Begin XCConfigurationList section */
		8MDXZPLYM9PEV3LOHIHUT725 /* Build configuration list for PBXProject "Runner" */ = {
			isa = XCConfigurationList;
			buildConfigurations = (
				W77QA6WIZRWUJRXRZWVPFHBG /* Debug */,
				A0MA4FX33RN4RW09P5EEFCEY /* Release */,
				SLTXN1WG02VULVKXS5G72KNK /* Profile */,
			);
			defaultConfigurationIsVisible = 0;
			defaultConfigurationName = Release;
		};
		U0O1T9JZOJFZSBDXJRBT39J7 /* Build configuration list for PBXNativeTarget "Runner" */ = {
			isa = XCConfigurationList;
			buildConfigurations = (
				UH1RL0Q49QZZYDZJLM78O44J /* Debug */,
				VB40Q2BGTQKD2Z2E4DL2W1OL /* Release */,
				4G72Z16KXR59FEBXFANNFL1H /* Profile */,
			);
			defaultConfigurationIsVisible = 0;
			defaultConfigurationName = Release;
		};
		YVBEOHFE3289UYURUBOMKPJD /* Build configuration list for PBXNativeTarget "RunnerTests" */ = {
			isa = XCConfigurationList;
			buildConfigurations = (
				LJCM503ZC6A2OOZGU7WFBRZF /* Debug */,
				I95RGI7A3DD2ZGCMEEZ3AUR1 /* Release */,
				H75QFWK6KIAZVHZ3TSMT4JQ6 /* Profile */,
			);
			defaultConfigurationIsVisible = 0;
			defaultConfigurationName = Release;
		};
/* End XCConfigurationList section */
	};
	rootObject = Q5DYI652TPS73NP3525X5FIE /* Project object */;
}
